// !$*UTF8*$!
{
	archiveVersion = 1;
	classes = {
	};
	objectVersion = 56;
	objects = {

/* Begin PBXBuildFile section */
		880F3B072EA4340200B693A1 /* ListView.swift in Sources */ = {isa = PBXBuildFile; fileRef = 880F3B062EA4340200B693A1 /* ListView.swift */; };
		888CD1432EA2EDE900AA686B /* SnacktacularApp.swift in Sources */ = {isa = PBXBuildFile; fileRef = 888CD1422EA2EDE900AA686B /* SnacktacularApp.swift */; };
		888CD1452EA2EDE900AA686B /* LoginView.swift in Sources */ = {isa = PBXBuildFile; fileRef = 888CD1442EA2EDE900AA686B /* LoginView.swift */; };
		888CD1472EA2EDEB00AA686B /* Assets.xcassets in Resources */ = {isa = PBXBuildFile; fileRef = 888CD1462EA2EDEB00AA686B /* Assets.xcassets */; };
		888CD14A2EA2EDEB00AA686B /* Preview Assets.xcassets in Resources */ = {isa = PBXBuildFile; fileRef = 888CD1492EA2EDEB00AA686B /* Preview Assets.xcassets */; };
		888CD1532EA2F7C400AA686B /* FirebaseAuth in Frameworks */ = {isa = PBXBuildFile; productRef = 888CD1522EA2F7C400AA686B /* FirebaseAuth */; };
		888CD1552EA2F7C400AA686B /* FirebaseFirestore in Frameworks */ = {isa = PBXBuildFile; productRef = 888CD1542EA2F7C400AA686B /* FirebaseFirestore */; };
		888CD1572EA2F7C400AA686B /* FirebaseStorage in Frameworks */ = {isa = PBXBuildFile; productRef = 888CD1562EA2F7C400AA686B /* FirebaseStorage */; };
		888CD1592EA2FDAC00AA686B /* GoogleService-Info.plist in Resources */ = {isa = PBXBuildFile; fileRef = 888CD1582EA2FDAC00AA686B /* GoogleService-Info.plist */; };
/* End PBXBuildFile section */

/* Begin PBXFileReference section */
		880F3B062EA4340200B693A1 /* ListView.swift */ = {isa = PBXFileReference; lastKnownFileType = sourcecode.swift; path = ListView.swift; sourceTree = "<group>"; };
		888CD13F2EA2EDE900AA686B /* Snacktacular.app */ = {isa = PBXFileReference; explicitFileType = wrapper.application; includeInIndex = 0; path = Snacktacular.app; sourceTree = BUILT_PRODUCTS_DIR; };
		888CD1422EA2EDE900AA686B /* SnacktacularApp.swift */ = {isa = PBXFileReference; lastKnownFileType = sourcecode.swift; path = SnacktacularApp.swift; sourceTree = "<group>"; };
		888CD1442EA2EDE900AA686B /* LoginView.swift */ = {isa = PBXFileReference; lastKnownFileType = sourcecode.swift; path = LoginView.swift; sourceTree = "<group>"; };
		888CD1462EA2EDEB00AA686B /* Assets.xcassets */ = {isa = PBXFileReference; lastKnownFileType = folder.assetcatalog; path = Assets.xcassets; sourceTree = "<group>"; };
		888CD1492EA2EDEB00AA686B /* Preview Assets.xcassets */ = {isa = PBXFileReference; lastKnownFileType = folder.assetcatalog; path = "Preview Assets.xcassets"; sourceTree = "<group>"; };
		888CD1502EA2EE8D00AA686B /* Info.plist */ = {isa = PBXFileReference; lastKnownFileType = text.plist; path = Info.plist; sourceTree = "<group>"; };
		888CD1582EA2FDAC00AA686B /* GoogleService-Info.plist */ = {isa = PBXFileReference; fileEncoding = 4; lastKnownFileType = text.plist.xml; path = "GoogleService-Info.plist"; sourceTree = "<group>"; };
/* End PBXFileReference section */

/* Begin PBXFrameworksBuildPhase section */
		888CD13C2EA2EDE900AA686B /* Frameworks */ = {
			isa = PBXFrameworksBuildPhase;
			buildActionMask = 2147483647;
			files = (
				888CD1532EA2F7C400AA686B /* FirebaseAuth in Frameworks */,
				888CD1552EA2F7C400AA686B /* FirebaseFirestore in Frameworks */,
				888CD1572EA2F7C400AA686B /* FirebaseStorage in Frameworks */,
			);
			runOnlyForDeploymentPostprocessing = 0;
		};
/* End PBXFrameworksBuildPhase section */

/* Begin PBXGroup section */
		888CD1362EA2EDE900AA686B = {
			isa = PBXGroup;
			children = (
				888CD1412EA2EDE900AA686B /* Snacktacular */,
				888CD1402EA2EDE900AA686B /* Products */,
			);
			sourceTree = "<group>";
		};
		888CD1402EA2EDE900AA686B /* Products */ = {
			isa = PBXGroup;
			children = (
				888CD13F2EA2EDE900AA686B /* Snacktacular.app */,
			);
			name = Products;
			sourceTree = "<group>";
		};
		888CD1412EA2EDE900AA686B /* Snacktacular */ = {
			isa = PBXGroup;
			children = (
				888CD1422EA2EDE900AA686B /* SnacktacularApp.swift */,
				888CD1442EA2EDE900AA686B /* LoginView.swift */,
				880F3B062EA4340200B693A1 /* ListView.swift */,
				888CD1462EA2EDEB00AA686B /* Assets.xcassets */,
				888CD1582EA2FDAC00AA686B /* GoogleService-Info.plist */,
				888CD1502EA2EE8D00AA686B /* Info.plist */,
				888CD1482EA2EDEB00AA686B /* Preview Content */,
			);
			path = Snacktacular;
			sourceTree = "<group>";
		};
		888CD1482EA2EDEB00AA686B /* Preview Content */ = {
			isa = PBXGroup;
			children = (
				888CD1492EA2EDEB00AA686B /* Preview Assets.xcassets */,
			);
			path = "Preview Content";
			sourceTree = "<group>";
		};
/* End PBXGroup section */

/* Begin PBXNativeTarget section */
		888CD13E2EA2EDE900AA686B /* Snacktacular */ = {
			isa = PBXNativeTarget;
			buildConfigurationList = 888CD14D2EA2EDEB00AA686B /* Build configuration list for PBXNativeTarget "Snacktacular" */;
			buildPhases = (
				888CD13B2EA2EDE900AA686B /* Sources */,
				888CD13C2EA2EDE900AA686B /* Frameworks */,
				888CD13D2EA2EDE900AA686B /* Resources */,
			);
			buildRules = (
			);
			dependencies = (
			);
			name = Snacktacular;
			packageProductDependencies = (
				888CD1522EA2F7C400AA686B /* FirebaseAuth */,
				888CD1542EA2F7C400AA686B /* FirebaseFirestore */,
				888CD1562EA2F7C400AA686B /* FirebaseStorage */,
			);
			productName = Snacktacular;
			productReference = 888CD13F2EA2EDE900AA686B /* Snacktacular.app */;
			productType = "com.apple.product-type.application";
		};
/* End PBXNativeTarget section */

/* Begin PBXProject section */
		888CD1372EA2EDE900AA686B /* Project object */ = {
			isa = PBXProject;
			attributes = {
				BuildIndependentTargetsInParallel = 1;
				LastSwiftUpdateCheck = 1520;
				LastUpgradeCheck = 1520;
				TargetAttributes = {
					888CD13E2EA2EDE900AA686B = {
						CreatedOnToolsVersion = 15.2;
					};
				};
			};
			buildConfigurationList = 888CD13A2EA2EDE900AA686B /* Build configuration list for PBXProject "Snacktacular" */;
			compatibilityVersion = "Xcode 14.0";
			developmentRegion = en;
			hasScannedForEncodings = 0;
			knownRegions = (
				en,
				Base,
			);
			mainGroup = 888CD1362EA2EDE900AA686B;
			packageReferences = (
				888CD1512EA2F7C400AA686B /* XCRemoteSwiftPackageReference "firebase-ios-sdk" */,
			);
			productRefGroup = 888CD1402EA2EDE900AA686B /* Products */;
			projectDirPath = "";
			projectRoot = "";
			targets = (
				888CD13E2EA2EDE900AA686B /* Snacktacular */,
			);
		};
/* End PBXProject section */

/* Begin PBXResourcesBuildPhase section */
		888CD13D2EA2EDE900AA686B /* Resources */ = {
			isa = PBXResourcesBuildPhase;
			buildActionMask = 2147483647;
			files = (
				888CD14A2EA2EDEB00AA686B /* Preview Assets.xcassets in Resources */,
				888CD1472EA2EDEB00AA686B /* Assets.xcassets in Resources */,
				888CD1592EA2FDAC00AA686B /* GoogleService-Info.plist in Resources */,
			);
			runOnlyForDeploymentPostprocessing = 0;
		};
/* End PBXResourcesBuildPhase section */

/* Begin PBXSourcesBuildPhase section */
		888CD13B2EA2EDE900AA686B /* Sources */ = {
			isa = PBXSourcesBuildPhase;
			buildActionMask = 2147483647;
			files = (
				888CD1452EA2EDE900AA686B /* LoginView.swift in Sources */,
				888CD1432EA2EDE900AA686B /* SnacktacularApp.swift in Sources */,
				880F3B072EA4340200B693A1 /* ListView.swift in Sources */,
			);
			runOnlyForDeploymentPostprocessing = 0;
		};
/* End PBXSourcesBuildPhase section */

/* Begin XCBuildConfiguration section */
		888CD14B2EA2EDEB00AA686B /* Debug */ = {
			isa = XCBuildConfiguration;
			buildSettings = {
				ALWAYS_SEARCH_USER_PATHS = NO;
				ASSETCATALOG_COMPILER_GENERATE_SWIFT_ASSET_SYMBOL_EXTENSIONS = YES;
				CLANG_ANALYZER_NONNULL = YES;
				CLANG_ANALYZER_NUMBER_OBJECT_CONVERSION = YES_AGGRESSIVE;
				CLANG_CXX_LANGUAGE_STANDARD = "gnu++20";
				CLANG_ENABLE_MODULES = YES;
				CLANG_ENABLE_OBJC_ARC = YES;
				CLANG_ENABLE_OBJC_WEAK = YES;
				CLANG_WARN_BLOCK_CAPTURE_AUTORELEASING = YES;
				CLANG_WARN_BOOL_CONVERSION = YES;
				CLANG_WARN_COMMA = YES;
				CLANG_WARN_CONSTANT_CONVERSION = YES;
				CLANG_WARN_DEPRECATED_OBJC_IMPLEMENTATIONS = YES;
				CLANG_WARN_DIRECT_OBJC_ISA_USAGE = YES_ERROR;
				CLANG_WARN_DOCUMENTATION_COMMENTS = YES;
				CLANG_WARN_EMPTY_BODY = YES;
				CLANG_WARN_ENUM_CONVERSION = YES;
				CLANG_WARN_INFINITE_RECURSION = YES;
				CLANG_WARN_INT_CONVERSION = YES;
				CLANG_WARN_NON_LITERAL_NULL_CONVERSION = YES;
				CLANG_WARN_OBJC_IMPLICIT_RETAIN_SELF = YES;
				CLANG_WARN_OBJC_LITERAL_CONVERSION = YES;
				CLANG_WARN_OBJC_ROOT_CLASS = YES_ERROR;
				CLANG_WARN_QUOTED_INCLUDE_IN_FRAMEWORK_HEADER = YES;
				CLANG_WARN_RANGE_LOOP_ANALYSIS = YES;
				CLANG_WARN_STRICT_PROTOTYPES = YES;
				CLANG_WARN_SUSPICIOUS_MOVE = YES;
				CLANG_WARN_UNGUARDED_AVAILABILITY = YES_AGGRESSIVE;
				CLANG_WARN_UNREACHABLE_CODE = YES;
				CLANG_WARN__DUPLICATE_METHOD_MATCH = YES;
				COPY_PHASE_STRIP = NO;
				DEBUG_INFORMATION_FORMAT = dwarf;
				ENABLE_STRICT_OBJC_MSGSEND = YES;
				ENABLE_TESTABILITY = YES;
				ENABLE_USER_SCRIPT_SANDBOXING = YES;
				GCC_C_LANGUAGE_STANDARD = gnu17;
				GCC_DYNAMIC_NO_PIC = NO;
				GCC_NO_COMMON_BLOCKS = YES;
				GCC_OPTIMIZATION_LEVEL = 0;
				GCC_PREPROCESSOR_DEFINITIONS = (
					"DEBUG=1",
					"$(inherited)",
				);
				GCC_WARN_64_TO_32_BIT_CONVERSION = YES;
				GCC_WARN_ABOUT_RETURN_TYPE = YES_ERROR;
				GCC_WARN_UNDECLARED_SELECTOR = YES;
				GCC_WARN_UNINITIALIZED_AUTOS = YES_AGGRESSIVE;
				GCC_WARN_UNUSED_FUNCTION = YES;
				GCC_WARN_UNUSED_VARIABLE = YES;
				IPHONEOS_DEPLOYMENT_TARGET = 17.2;
				LOCALIZATION_PREFERS_STRING_CATALOGS = YES;
				MTL_ENABLE_DEBUG_INFO = INCLUDE_SOURCE;
				MTL_FAST_MATH = YES;
				ONLY_ACTIVE_ARCH = YES;
				SDKROOT = iphoneos;
				SWIFT_ACTIVE_COMPILATION_CONDITIONS = "DEBUG $(inherited)";
				SWIFT_OPTIMIZATION_LEVEL = "-Onone";
			};
			name = Debug;
		};
		888CD14C2EA2EDEB00AA686B /* Release */ = {
			isa = XCBuildConfiguration;
			buildSettings = {
				ALWAYS_SEARCH_USER_PATHS = NO;
				ASSETCATALOG_COMPILER_GENERATE_SWIFT_ASSET_SYMBOL_EXTENSIONS = YES;
				CLANG_ANALYZER_NONNULL = YES;
				CLANG_ANALYZER_NUMBER_OBJECT_CONVERSION = YES_AGGRESSIVE;
				CLANG_CXX_LANGUAGE_STANDARD = "gnu++20";
				CLANG_ENABLE_MODULES = YES;
				CLANG_ENABLE_OBJC_ARC = YES;
				CLANG_ENABLE_OBJC_WEAK = YES;
				CLANG_WARN_BLOCK_CAPTURE_AUTORELEASING = YES;
				CLANG_WARN_BOOL_CONVERSION = YES;
				CLANG_WARN_COMMA = YES;
				CLANG_WARN_CONSTANT_CONVERSION = YES;
				CLANG_WARN_DEPRECATED_OBJC_IMPLEMENTATIONS = YES;
				CLANG_WARN_DIRECT_OBJC_ISA_USAGE = YES_ERROR;
				CLANG_WARN_DOCUMENTATION_COMMENTS = YES;
				CLANG_WARN_EMPTY_BODY = YES;
				CLANG_WARN_ENUM_CONVERSION = YES;
				CLANG_WARN_INFINITE_RECURSION = YES;
				CLANG_WARN_INT_CONVERSION = YES;
				CLANG_WARN_NON_LITERAL_NULL_CONVERSION = YES;
				CLANG_WARN_OBJC_IMPLICIT_RETAIN_SELF = YES;
				CLANG_WARN_OBJC_LITERAL_CONVERSION = YES;
				CLANG_WARN_OBJC_ROOT_CLASS = YES_ERROR;
				CLANG_WARN_QUOTED_INCLUDE_IN_FRAMEWORK_HEADER = YES;
				CLANG_WARN_RANGE_LOOP_ANALYSIS = YES;
				CLANG_WARN_STRICT_PROTOTYPES = YES;
				CLANG_WARN_SUSPICIOUS_MOVE = YES;
				CLANG_WARN_UNGUARDED_AVAILABILITY = YES_AGGRESSIVE;
				CLANG_WARN_UNREACHABLE_CODE = YES;
				CLANG_WARN__DUPLICATE_METHOD_MATCH = YES;
				COPY_PHASE_STRIP = NO;
				DEBUG_INFORMATION_FORMAT = "dwarf-with-dsym";
				ENABLE_NS_ASSERTIONS = NO;
				ENABLE_STRICT_OBJC_MSGSEND = YES;
				ENABLE_USER_SCRIPT_SANDBOXING = YES;
				GCC_C_LANGUAGE_STANDARD = gnu17;
				GCC_NO_COMMON_BLOCKS = YES;
				GCC_WARN_64_TO_32_BIT_CONVERSION = YES;
				GCC_WARN_ABOUT_RETURN_TYPE = YES_ERROR;
				GCC_WARN_UNDECLARED_SELECTOR = YES;
				GCC_WARN_UNINITIALIZED_AUTOS = YES_AGGRESSIVE;
				GCC_WARN_UNUSED_FUNCTION = YES;
				GCC_WARN_UNUSED_VARIABLE = YES;
				IPHONEOS_DEPLOYMENT_TARGET = 17.2;
				LOCALIZATION_PREFERS_STRING_CATALOGS = YES;
				MTL_ENABLE_DEBUG_INFO = NO;
				MTL_FAST_MATH = YES;
				SDKROOT = iphoneos;
				SWIFT_COMPILATION_MODE = wholemodule;
				VALIDATE_PRODUCT = YES;
			};
			name = Release;
		};
		888CD14E2EA2EDEB00AA686B /* Debug */ = {
			isa = XCBuildConfiguration;
			buildSettings = {
				ASSETCATALOG_COMPILER_APPICON_NAME = AppIcon;
				ASSETCATALOG_COMPILER_GLOBAL_ACCENT_COLOR_NAME = AccentColor;
				CODE_SIGN_STYLE = Automatic;
				CURRENT_PROJECT_VERSION = 1;
				DEVELOPMENT_ASSET_PATHS = "\"Snacktacular/Preview Content\"";
				DEVELOPMENT_TEAM = 57FFAJH9VL;
				ENABLE_PREVIEWS = YES;
				GENERATE_INFOPLIST_FILE = YES;
				INFOPLIST_FILE = Snacktacular/Info.plist;
				INFOPLIST_KEY_UIApplicationSceneManifest_Generation = YES;
				INFOPLIST_KEY_UIApplicationSupportsIndirectInputEvents = YES;
				INFOPLIST_KEY_UISupportedInterfaceOrientations_iPad = "UIInterfaceOrientationPortrait UIInterfaceOrientationPortraitUpsideDown UIInterfaceOrientationLandscapeLeft UIInterfaceOrientationLandscapeRight";
				INFOPLIST_KEY_UISupportedInterfaceOrientations_iPhone = "UIInterfaceOrientationPortrait UIInterfaceOrientationLandscapeLeft UIInterfaceOrientationLandscapeRight";
				IPHONEOS_DEPLOYMENT_TARGET = 17.2;
				LD_RUNPATH_SEARCH_PATHS = (
					"$(inherited)",
					"@executable_path/Frameworks",
				);
				MARKETING_VERSION = 1.0;
				PRODUCT_BUNDLE_IDENTIFIER = com.hotmail.ronlemire1.Snacktacular;
				PRODUCT_NAME = "$(TARGET_NAME)";
				SWIFT_EMIT_LOC_STRINGS = YES;
				SWIFT_VERSION = 5.0;
				TARGETED_DEVICE_FAMILY = "1,2";
			};
			name = Debug;
		};
		888CD14F2EA2EDEB00AA686B /* Release */ = {
			isa = XCBuildConfiguration;
			buildSettings = {
				ASSETCATALOG_COMPILER_APPICON_NAME = AppIcon;
				ASSETCATALOG_COMPILER_GLOBAL_ACCENT_COLOR_NAME = AccentColor;
				CODE_SIGN_STYLE = Automatic;
				CURRENT_PROJECT_VERSION = 1;
				DEVELOPMENT_ASSET_PATHS = "\"Snacktacular/Preview Content\"";
				DEVELOPMENT_TEAM = 57FFAJH9VL;
				ENABLE_PREVIEWS = YES;
				GENERATE_INFOPLIST_FILE = YES;
				INFOPLIST_FILE = Snacktacular/Info.plist;
				INFOPLIST_KEY_UIApplicationSceneManifest_Generation = YES;
				INFOPLIST_KEY_UIApplicationSupportsIndirectInputEvents = YES;
				INFOPLIST_KEY_UISupportedInterfaceOrientations_iPad = "UIInterfaceOrientationPortrait UIInterfaceOrientationPortraitUpsideDown UIInterfaceOrientationLandscapeLeft UIInterfaceOrientationLandscapeRight";
				INFOPLIST_KEY_UISupportedInterfaceOrientations_iPhone = "UIInterfaceOrientationPortrait UIInterfaceOrientationLandscapeLeft UIInterfaceOrientationLandscapeRight";
				IPHONEOS_DEPLOYMENT_TARGET = 17.2;
				LD_RUNPATH_SEARCH_PATHS = (
					"$(inherited)",
					"@executable_path/Frameworks",
				);
				MARKETING_VERSION = 1.0;
				PRODUCT_BUNDLE_IDENTIFIER = com.hotmail.ronlemire1.Snacktacular;
				PRODUCT_NAME = "$(TARGET_NAME)";
				SWIFT_EMIT_LOC_STRINGS = YES;
				SWIFT_VERSION = 5.0;
				TARGETED_DEVICE_FAMILY = "1,2";
			};
			name = Release;
		};
/* End XCBuildConfiguration section */

/* Begin XCConfigurationList section */
		888CD13A2EA2EDE900AA686B /* Build configuration list for PBXProject "Snacktacular" */ = {
			isa = XCConfigurationList;
			buildConfigurations = (
				888CD14B2EA2EDEB00AA686B /* Debug */,
				888CD14C2EA2EDEB00AA686B /* Release */,
			);
			defaultConfigurationIsVisible = 0;
			defaultConfigurationName = Release;
		};
		888CD14D2EA2EDEB00AA686B /* Build configuration list for PBXNativeTarget "Snacktacular" */ = {
			isa = XCConfigurationList;
			buildConfigurations = (
				888CD14E2EA2EDEB00AA686B /* Debug */,
				888CD14F2EA2EDEB00AA686B /* Release */,
			);
			defaultConfigurationIsVisible = 0;
			defaultConfigurationName = Release;
		};
/* End XCConfigurationList section */

/* Begin XCRemoteSwiftPackageReference section */
		888CD1512EA2F7C400AA686B /* XCRemoteSwiftPackageReference "firebase-ios-sdk" */ = {
			isa = XCRemoteSwiftPackageReference;
			repositoryURL = "https://github.com/firebase/firebase-ios-sdk.git";
			requirement = {
				kind = exactVersion;
				version = 11.10.0;
			};
		};
/* End XCRemoteSwiftPackageReference section */

/* Begin XCSwiftPackageProductDependency section */
		888CD1522EA2F7C400AA686B /* FirebaseAuth */ = {
			isa = XCSwiftPackageProductDependency;
			package = 888CD1512EA2F7C400AA686B /* XCRemoteSwiftPackageReference "firebase-ios-sdk" */;
			productName = FirebaseAuth;
		};
		888CD1542EA2F7C400AA686B /* FirebaseFirestore */ = {
			isa = XCSwiftPackageProductDependency;
			package = 888CD1512EA2F7C400AA686B /* XCRemoteSwiftPackageReference "firebase-ios-sdk" */;
			productName = FirebaseFirestore;
		};
		888CD1562EA2F7C400AA686B /* FirebaseStorage */ = {
			isa = XCSwiftPackageProductDependency;
			package = 888CD1512EA2F7C400AA686B /* XCRemoteSwiftPackageReference "firebase-ios-sdk" */;
			productName = FirebaseStorage;
		};
/* End XCSwiftPackageProductDependency section */
	};
	rootObject = 888CD1372EA2EDE900AA686B /* Project object */;
}
